
Microsoft Visual Studio Solution File, Format Version 12.00
# Visual Studio Version 17
VisualStudioVersion = 17.4.33213.308
MinimumVisualStudioVersion = 10.0.40219.1
Project("{FAE04EC0-301F-11D3-BF4B-00C04F79EFBC}") = "GUI_BanHang", "QuanLyBanHang\GUI_BanHang.csproj", "{7643FDF9-3EB6-4C92-994D-A8C58140320E}"
EndProject
Project("{FAE04EC0-301F-11D3-BF4B-00C04F79EFBC}") = "DTO_BanHang", "DTO_BanHang\DTO_BanHang.csproj", "{FBC3F376-1424-4F81-8316-077833275EBE}"
EndProject
Project("{FAE04EC0-301F-11D3-BF4B-00C04F79EFBC}") = "BUS_BanHang", "BUS_BanHang\BUS_BanHang.csproj", "{1E1774D4-D121-42B7-AC50-EE14B263AA65}"
EndProject
Project("{FAE04EC0-301F-11D3-BF4B-00C04F79EFBC}") = "DAL_BanHang", "DAL_BanHang\DAL_BanHang.csproj", "{011771FB-16C5-4F32-B757-941FA93E9D0D}"
EndProject
Global
	GlobalSection(SolutionConfigurationPlatforms) = preSolution
		Debug|Any CPU = Debug|Any CPU
		Release|Any CPU = Release|Any CPU
	EndGlobalSection
	GlobalSection(ProjectConfigurationPlatforms) = postSolution
		{7643FDF9-3EB6-4C92-994D-A8C58140320E}.Debug|Any CPU.ActiveCfg = Debug|Any CPU
		{7643FDF9-3EB6-4C92-994D-A8C58140320E}.Debug|Any CPU.Build.0 = Debug|Any CPU
		{7643FDF9-3EB6-4C92-994D-A8C58140320E}.Release|Any CPU.ActiveCfg = Release|Any CPU
		{7643FDF9-3EB6-4C92-994D-A8C58140320E}.Release|Any CPU.Build.0 = Release|Any CPU
		{FBC3F376-1424-4F81-8316-077833275EBE}.Debug|Any CPU.ActiveCfg = Debug|Any CPU
		{FBC3F376-1424-4F81-8316-077833275EBE}.Debug|Any CPU.Build.0 = Debug|Any CPU
		{FBC3F376-1424-4F81-8316-077833275EBE}.Release|Any CPU.ActiveCfg = Release|Any CPU
		{FBC3F376-1424-4F81-8316-077833275EBE}.Release|Any CPU.Build.0 = Release|Any CPU
		{1E1774D4-D121-42B7-AC50-EE14B263AA65}.Debug|Any CPU.ActiveCfg = Debug|Any CPU
		{1E1774D4-D121-42B7-AC50-EE14B263AA65}.Debug|Any CPU.Build.0 = Debug|Any CPU
		{1E1774D4-D121-42B7-AC50-EE14B263AA65}.Release|Any CPU.ActiveCfg = Release|Any CPU
		{1E1774D4-D121-42B7-AC50-EE14B263AA65}.Release|Any CPU.Build.0 = Release|Any CPU
		{011771FB-16C5-4F32-B757-941FA93E9D0D}.Debug|Any CPU.ActiveCfg = Debug|Any CPU
		{011771FB-16C5-4F32-B757-941FA93E9D0D}.Debug|Any CPU.Build.0 = Debug|Any CPU
		{011771FB-16C5-4F32-B757-941FA93E9D0D}.Release|Any CPU.ActiveCfg = Release|Any CPU
		{011771FB-16C5-4F32-B757-941FA93E9D0D}.Release|Any CPU.Build.0 = Release|Any CPU
	EndGlobalSection
	GlobalSection(SolutionProperties) = preSolution
		HideSolutionNode = FALSE
	EndGlobalSection
	GlobalSection(ExtensibilityGlobals) = postSolution
		SolutionGuid = {6C5C45B2-B499-4CE1-B659-A991A24CAB41}
	EndGlobalSection
EndGlobal
